
Microsoft Visual Studio Solution File, Format Version 12.00
# Visual Studio Version 17
VisualStudioVersion = 17.4.33213.308
MinimumVisualStudioVersion = 10.0.40219.1
Project("{FAE04EC0-301F-11D3-BF4B-00C04F79EFBC}") = "DBConnection", "DBConnection\DBConnection.csproj", "{18BD7285-0AE2-4A6F-9E6F-BE2744FCE665}"
EndProject
Global
	GlobalSection(SolutionConfigurationPlatforms) = preSolution
		Debug|Any CPU = Debug|Any CPU
		Release|Any CPU = Release|Any CPU
	EndGlobalSection
	GlobalSection(ProjectConfigurationPlatforms) = postSolution
		{18BD7285-0AE2-4A6F-9E6F-BE2744FCE665}.Debug|Any CPU.ActiveCfg = Debug|Any CPU
		{18BD7285-0AE2-4A6F-9E6F-BE2744FCE665}.Debug|Any CPU.Build.0 = Debug|Any CPU
		{18BD7285-0AE2-4A6F-9E6F-BE2744FCE665}.Release|Any CPU.ActiveCfg = Release|Any CPU
		{18BD7285-0AE2-4A6F-9E6F-BE2744FCE665}.Release|Any CPU.Build.0 = Release|Any CPU
	EndGlobalSection
	GlobalSection(SolutionProperties) = preSolution
		HideSolutionNode = FALSE
	EndGlobalSection
	GlobalSection(ExtensibilityGlobals) = postSolution
		SolutionGuid = {FA2F7FA6-9E13-4ECF-AC4C-51C5F769D8D0}
	EndGlobalSection
EndGlobal
